
Microsoft Visual Studio Solution File, Format Version 12.00
# Visual Studio 15
VisualStudioVersion = 15.0.26430.16
MinimumVisualStudioVersion = 10.0.40219.1
Project("{FAE04EC0-301F-11D3-BF4B-00C04F79EFBC}") = "01.Shapes", "01.Shapes\01.Shapes.csproj", "{4D83937F-DFC2-452C-A998-7AB0377229E0}"
EndProject
Project("{FAE04EC0-301F-11D3-BF4B-00C04F79EFBC}") = "02.Cars", "02.Cars\02.Cars.csproj", "{ABA92792-FB60-4F94-B318-D92338464133}"
EndProject
Global
	GlobalSection(SolutionConfigurationPlatforms) = preSolution
		Debug|Any CPU = Debug|Any CPU
		Release|Any CPU = Release|Any CPU
	EndGlobalSection
	GlobalSection(ProjectConfigurationPlatforms) = postSolution
		{4D83937F-DFC2-452C-A998-7AB0377229E0}.Debug|Any CPU.ActiveCfg = Debug|Any CPU
		{4D83937F-DFC2-452C-A998-7AB0377229E0}.Debug|Any CPU.Build.0 = Debug|Any CPU
		{4D83937F-DFC2-452C-A998-7AB0377229E0}.Release|Any CPU.ActiveCfg = Release|Any CPU
		{4D83937F-DFC2-452C-A998-7AB0377229E0}.Release|Any CPU.Build.0 = Release|Any CPU
		{ABA92792-FB60-4F94-B318-D92338464133}.Debug|Any CPU.ActiveCfg = Debug|Any CPU
		{ABA92792-FB60-4F94-B318-D92338464133}.Debug|Any CPU.Build.0 = Debug|Any CPU
		{ABA92792-FB60-4F94-B318-D92338464133}.Release|Any CPU.ActiveCfg = Release|Any CPU
		{ABA92792-FB60-4F94-B318-D92338464133}.Release|Any CPU.Build.0 = Release|Any CPU
	EndGlobalSection
	GlobalSection(SolutionProperties) = preSolution
		HideSolutionNode = FALSE
	EndGlobalSection
EndGlobal
