
Microsoft Visual Studio Solution File, Format Version 12.00
# Visual Studio 15
VisualStudioVersion = 15.0.26430.16
MinimumVisualStudioVersion = 10.0.40219.1
Project("{FAE04EC0-301F-11D3-BF4B-00C04F79EFBC}") = "01.Stealer", "01.Stealer\01.Stealer.csproj", "{348373AE-E331-4FED-A7A9-FECD76FFEC13}"
EndProject
Project("{FAE04EC0-301F-11D3-BF4B-00C04F79EFBC}") = "02.HighQualityMistakes", "02.HighQualityMistakes\02.HighQualityMistakes.csproj", "{15EA519E-5489-4880-993D-43648B9BD868}"
EndProject
Project("{FAE04EC0-301F-11D3-BF4B-00C04F79EFBC}") = "03.MissionPrivateImpossible", "03\03.MissionPrivateImpossible.csproj", "{8A3298AB-61A5-4068-AEAE-DCCE5BF924A5}"
EndProject
Project("{FAE04EC0-301F-11D3-BF4B-00C04F79EFBC}") = "04.Collector", "04.Collector\04.Collector.csproj", "{D3544452-ED0C-4A07-82AC-877D958943AC}"
EndProject
Global
	GlobalSection(SolutionConfigurationPlatforms) = preSolution
		Debug|Any CPU = Debug|Any CPU
		Release|Any CPU = Release|Any CPU
	EndGlobalSection
	GlobalSection(ProjectConfigurationPlatforms) = postSolution
		{348373AE-E331-4FED-A7A9-FECD76FFEC13}.Debug|Any CPU.ActiveCfg = Debug|Any CPU
		{348373AE-E331-4FED-A7A9-FECD76FFEC13}.Debug|Any CPU.Build.0 = Debug|Any CPU
		{348373AE-E331-4FED-A7A9-FECD76FFEC13}.Release|Any CPU.ActiveCfg = Release|Any CPU
		{348373AE-E331-4FED-A7A9-FECD76FFEC13}.Release|Any CPU.Build.0 = Release|Any CPU
		{15EA519E-5489-4880-993D-43648B9BD868}.Debug|Any CPU.ActiveCfg = Debug|Any CPU
		{15EA519E-5489-4880-993D-43648B9BD868}.Debug|Any CPU.Build.0 = Debug|Any CPU
		{15EA519E-5489-4880-993D-43648B9BD868}.Release|Any CPU.ActiveCfg = Release|Any CPU
		{15EA519E-5489-4880-993D-43648B9BD868}.Release|Any CPU.Build.0 = Release|Any CPU
		{8A3298AB-61A5-4068-AEAE-DCCE5BF924A5}.Debug|Any CPU.ActiveCfg = Debug|Any CPU
		{8A3298AB-61A5-4068-AEAE-DCCE5BF924A5}.Debug|Any CPU.Build.0 = Debug|Any CPU
		{8A3298AB-61A5-4068-AEAE-DCCE5BF924A5}.Release|Any CPU.ActiveCfg = Release|Any CPU
		{8A3298AB-61A5-4068-AEAE-DCCE5BF924A5}.Release|Any CPU.Build.0 = Release|Any CPU
		{D3544452-ED0C-4A07-82AC-877D958943AC}.Debug|Any CPU.ActiveCfg = Debug|Any CPU
		{D3544452-ED0C-4A07-82AC-877D958943AC}.Debug|Any CPU.Build.0 = Debug|Any CPU
		{D3544452-ED0C-4A07-82AC-877D958943AC}.Release|Any CPU.ActiveCfg = Release|Any CPU
		{D3544452-ED0C-4A07-82AC-877D958943AC}.Release|Any CPU.Build.0 = Release|Any CPU
	EndGlobalSection
	GlobalSection(SolutionProperties) = preSolution
		HideSolutionNode = FALSE
	EndGlobalSection
EndGlobal
