
Microsoft Visual Studio Solution File, Format Version 12.00
# Visual Studio 2013
VisualStudioVersion = 12.0.40629.0
MinimumVisualStudioVersion = 10.0.40219.1
Project("{FAE04EC0-301F-11D3-BF4B-00C04F79EFBC}") = "01.DeclareVariables", "01.DeclareVariables\01.DeclareVariables.csproj", "{115D74A3-F3EB-4443-9AF4-B87799DF7FE7}"
EndProject
Project("{FAE04EC0-301F-11D3-BF4B-00C04F79EFBC}") = "02.FloatOrDouble", "02.FloatOrDouble\02.FloatOrDouble.csproj", "{31A437D7-07DC-4963-A568-0691BCA3030D}"
EndProject
Project("{FAE04EC0-301F-11D3-BF4B-00C04F79EFBC}") = "03.VariableInHexadecimal", "03.VariableInHexadecimal\03.VariableInHexadecimal.csproj", "{CEB12648-40A9-4E9A-A6A6-7E1A3D8C8D16}"
EndProject
Project("{FAE04EC0-301F-11D3-BF4B-00C04F79EFBC}") = "04.UnocodeCharacter", "04.UnocodeCharacter\04.UnocodeCharacter.csproj", "{C0EC28C0-9A4C-4CA9-BAEA-0D04151F308A}"
EndProject
Project("{FAE04EC0-301F-11D3-BF4B-00C04F79EFBC}") = "05.BooleanVariable", "05.BooleanVariable\05.BooleanVariable.csproj", "{D0897D20-2071-4C3B-8F24-0C45F033250B}"
EndProject
Project("{FAE04EC0-301F-11D3-BF4B-00C04F79EFBC}") = "06.StringaAndObjects", "06.StringaAndObjects\06.StringaAndObjects.csproj", "{D8B47DB9-A876-47EC-B87C-807D9B6A082B}"
EndProject
Project("{FAE04EC0-301F-11D3-BF4B-00C04F79EFBC}") = "07.QuotesInString", "07.QuoatesInString\07.QuotesInString.csproj", "{F8F6D9B5-39B5-4BC9-B5F2-847F17BF43DB}"
EndProject
Project("{FAE04EC0-301F-11D3-BF4B-00C04F79EFBC}") = "08. Isosceles Triangle", "08. Isosceles Triangle\08. Isosceles Triangle.csproj", "{2C187458-783E-4675-BC25-747A1E04900B}"
EndProject
Project("{FAE04EC0-301F-11D3-BF4B-00C04F79EFBC}") = "09.ExchangeVariableValue", "09.ExchangeVariableValue\09.ExchangeVariableValue.csproj", "{DCA051F3-BA34-49D8-9DF4-A867A1EF055F}"
EndProject
Project("{FAE04EC0-301F-11D3-BF4B-00C04F79EFBC}") = "10.EmployeeData", "10.EmployeeData\10.EmployeeData.csproj", "{22AF81F8-A4B4-4F7B-A9E8-BAE7CB414DD6}"
EndProject
Project("{FAE04EC0-301F-11D3-BF4B-00C04F79EFBC}") = "11.BankAcountData", "11.BankAcountData\11.BankAcountData.csproj", "{2456276F-868A-4FCD-BAF0-0C7D4F53A137}"
EndProject
Project("{FAE04EC0-301F-11D3-BF4B-00C04F79EFBC}") = "12.NullValuesArithmetic", "12.NullValuesArithmetic\12.NullValuesArithmetic.csproj", "{6DF43522-2B4A-4806-9610-77454A6FA533}"
EndProject
Project("{FAE04EC0-301F-11D3-BF4B-00C04F79EFBC}") = "13.ComparingFloats", "13.ComparingFloats\13.ComparingFloats.csproj", "{6066453B-AF75-47C0-9302-5F139174405C}"
EndProject
Project("{FAE04EC0-301F-11D3-BF4B-00C04F79EFBC}") = "14.PrintTheASCIITable", "14.PrintTheASCIITable\14.PrintTheASCIITable.csproj", "{A5DE328E-EFBD-48FE-8818-8333AB4C0EAB}"
EndProject
Global
	GlobalSection(SolutionConfigurationPlatforms) = preSolution
		Debug|Any CPU = Debug|Any CPU
		Release|Any CPU = Release|Any CPU
	EndGlobalSection
	GlobalSection(ProjectConfigurationPlatforms) = postSolution
		{115D74A3-F3EB-4443-9AF4-B87799DF7FE7}.Debug|Any CPU.ActiveCfg = Debug|Any CPU
		{115D74A3-F3EB-4443-9AF4-B87799DF7FE7}.Debug|Any CPU.Build.0 = Debug|Any CPU
		{115D74A3-F3EB-4443-9AF4-B87799DF7FE7}.Release|Any CPU.ActiveCfg = Release|Any CPU
		{115D74A3-F3EB-4443-9AF4-B87799DF7FE7}.Release|Any CPU.Build.0 = Release|Any CPU
		{31A437D7-07DC-4963-A568-0691BCA3030D}.Debug|Any CPU.ActiveCfg = Debug|Any CPU
		{31A437D7-07DC-4963-A568-0691BCA3030D}.Debug|Any CPU.Build.0 = Debug|Any CPU
		{31A437D7-07DC-4963-A568-0691BCA3030D}.Release|Any CPU.ActiveCfg = Release|Any CPU
		{31A437D7-07DC-4963-A568-0691BCA3030D}.Release|Any CPU.Build.0 = Release|Any CPU
		{CEB12648-40A9-4E9A-A6A6-7E1A3D8C8D16}.Debug|Any CPU.ActiveCfg = Debug|Any CPU
		{CEB12648-40A9-4E9A-A6A6-7E1A3D8C8D16}.Debug|Any CPU.Build.0 = Debug|Any CPU
		{CEB12648-40A9-4E9A-A6A6-7E1A3D8C8D16}.Release|Any CPU.ActiveCfg = Release|Any CPU
		{CEB12648-40A9-4E9A-A6A6-7E1A3D8C8D16}.Release|Any CPU.Build.0 = Release|Any CPU
		{C0EC28C0-9A4C-4CA9-BAEA-0D04151F308A}.Debug|Any CPU.ActiveCfg = Debug|Any CPU
		{C0EC28C0-9A4C-4CA9-BAEA-0D04151F308A}.Debug|Any CPU.Build.0 = Debug|Any CPU
		{C0EC28C0-9A4C-4CA9-BAEA-0D04151F308A}.Release|Any CPU.ActiveCfg = Release|Any CPU
		{C0EC28C0-9A4C-4CA9-BAEA-0D04151F308A}.Release|Any CPU.Build.0 = Release|Any CPU
		{D0897D20-2071-4C3B-8F24-0C45F033250B}.Debug|Any CPU.ActiveCfg = Debug|Any CPU
		{D0897D20-2071-4C3B-8F24-0C45F033250B}.Debug|Any CPU.Build.0 = Debug|Any CPU
		{D0897D20-2071-4C3B-8F24-0C45F033250B}.Release|Any CPU.ActiveCfg = Release|Any CPU
		{D0897D20-2071-4C3B-8F24-0C45F033250B}.Release|Any CPU.Build.0 = Release|Any CPU
		{D8B47DB9-A876-47EC-B87C-807D9B6A082B}.Debug|Any CPU.ActiveCfg = Debug|Any CPU
		{D8B47DB9-A876-47EC-B87C-807D9B6A082B}.Debug|Any CPU.Build.0 = Debug|Any CPU
		{D8B47DB9-A876-47EC-B87C-807D9B6A082B}.Release|Any CPU.ActiveCfg = Release|Any CPU
		{D8B47DB9-A876-47EC-B87C-807D9B6A082B}.Release|Any CPU.Build.0 = Release|Any CPU
		{F8F6D9B5-39B5-4BC9-B5F2-847F17BF43DB}.Debug|Any CPU.ActiveCfg = Debug|Any CPU
		{F8F6D9B5-39B5-4BC9-B5F2-847F17BF43DB}.Debug|Any CPU.Build.0 = Debug|Any CPU
		{F8F6D9B5-39B5-4BC9-B5F2-847F17BF43DB}.Release|Any CPU.ActiveCfg = Release|Any CPU
		{F8F6D9B5-39B5-4BC9-B5F2-847F17BF43DB}.Release|Any CPU.Build.0 = Release|Any CPU
		{2C187458-783E-4675-BC25-747A1E04900B}.Debug|Any CPU.ActiveCfg = Debug|Any CPU
		{2C187458-783E-4675-BC25-747A1E04900B}.Debug|Any CPU.Build.0 = Debug|Any CPU
		{2C187458-783E-4675-BC25-747A1E04900B}.Release|Any CPU.ActiveCfg = Release|Any CPU
		{2C187458-783E-4675-BC25-747A1E04900B}.Release|Any CPU.Build.0 = Release|Any CPU
		{DCA051F3-BA34-49D8-9DF4-A867A1EF055F}.Debug|Any CPU.ActiveCfg = Debug|Any CPU
		{DCA051F3-BA34-49D8-9DF4-A867A1EF055F}.Debug|Any CPU.Build.0 = Debug|Any CPU
		{DCA051F3-BA34-49D8-9DF4-A867A1EF055F}.Release|Any CPU.ActiveCfg = Release|Any CPU
		{DCA051F3-BA34-49D8-9DF4-A867A1EF055F}.Release|Any CPU.Build.0 = Release|Any CPU
		{22AF81F8-A4B4-4F7B-A9E8-BAE7CB414DD6}.Debug|Any CPU.ActiveCfg = Debug|Any CPU
		{22AF81F8-A4B4-4F7B-A9E8-BAE7CB414DD6}.Debug|Any CPU.Build.0 = Debug|Any CPU
		{22AF81F8-A4B4-4F7B-A9E8-BAE7CB414DD6}.Release|Any CPU.ActiveCfg = Release|Any CPU
		{22AF81F8-A4B4-4F7B-A9E8-BAE7CB414DD6}.Release|Any CPU.Build.0 = Release|Any CPU
		{2456276F-868A-4FCD-BAF0-0C7D4F53A137}.Debug|Any CPU.ActiveCfg = Debug|Any CPU
		{2456276F-868A-4FCD-BAF0-0C7D4F53A137}.Debug|Any CPU.Build.0 = Debug|Any CPU
		{2456276F-868A-4FCD-BAF0-0C7D4F53A137}.Release|Any CPU.ActiveCfg = Release|Any CPU
		{2456276F-868A-4FCD-BAF0-0C7D4F53A137}.Release|Any CPU.Build.0 = Release|Any CPU
		{6DF43522-2B4A-4806-9610-77454A6FA533}.Debug|Any CPU.ActiveCfg = Debug|Any CPU
		{6DF43522-2B4A-4806-9610-77454A6FA533}.Debug|Any CPU.Build.0 = Debug|Any CPU
		{6DF43522-2B4A-4806-9610-77454A6FA533}.Release|Any CPU.ActiveCfg = Release|Any CPU
		{6DF43522-2B4A-4806-9610-77454A6FA533}.Release|Any CPU.Build.0 = Release|Any CPU
		{6066453B-AF75-47C0-9302-5F139174405C}.Debug|Any CPU.ActiveCfg = Debug|Any CPU
		{6066453B-AF75-47C0-9302-5F139174405C}.Debug|Any CPU.Build.0 = Debug|Any CPU
		{6066453B-AF75-47C0-9302-5F139174405C}.Release|Any CPU.ActiveCfg = Release|Any CPU
		{6066453B-AF75-47C0-9302-5F139174405C}.Release|Any CPU.Build.0 = Release|Any CPU
		{A5DE328E-EFBD-48FE-8818-8333AB4C0EAB}.Debug|Any CPU.ActiveCfg = Debug|Any CPU
		{A5DE328E-EFBD-48FE-8818-8333AB4C0EAB}.Debug|Any CPU.Build.0 = Debug|Any CPU
		{A5DE328E-EFBD-48FE-8818-8333AB4C0EAB}.Release|Any CPU.ActiveCfg = Release|Any CPU
		{A5DE328E-EFBD-48FE-8818-8333AB4C0EAB}.Release|Any CPU.Build.0 = Release|Any CPU
	EndGlobalSection
	GlobalSection(SolutionProperties) = preSolution
		HideSolutionNode = FALSE
	EndGlobalSection
EndGlobal
