
Microsoft Visual Studio Solution File, Format Version 12.00
# Visual Studio 2013
VisualStudioVersion = 12.0.40629.0
MinimumVisualStudioVersion = 10.0.40219.1
Project("{FAE04EC0-301F-11D3-BF4B-00C04F79EFBC}") = "01.BabaTincheAirLines", "01.BabaTincheAirLines\01.BabaTincheAirLines.csproj", "{8F4D3928-B0CB-4627-AFFA-58D89D1C67A9}"
EndProject
Project("{FAE04EC0-301F-11D3-BF4B-00C04F79EFBC}") = "02.Numerology", "02.Numerology\02.Numerology.csproj", "{57009932-2892-4910-880B-088B3ACD3A4C}"
EndProject
Project("{FAE04EC0-301F-11D3-BF4B-00C04F79EFBC}") = "03.RockLq", "03.RockLq\03.RockLq.csproj", "{FD4DA83E-006E-4975-BFFF-EE1D34823440}"
EndProject
Project("{FAE04EC0-301F-11D3-BF4B-00C04F79EFBC}") = "04.Gambling", "04.Gambling\04.Gambling.csproj", "{0A80FF6E-6ACC-44EB-B295-8814F8826C30}"
EndProject
Project("{FAE04EC0-301F-11D3-BF4B-00C04F79EFBC}") = "05.BitBuilder", "05.BitBuilder\05.BitBuilder.csproj", "{AB72A6C5-8C5D-4612-BEC9-FB3477D192C0}"
EndProject
Global
	GlobalSection(SolutionConfigurationPlatforms) = preSolution
		Debug|Any CPU = Debug|Any CPU
		Release|Any CPU = Release|Any CPU
	EndGlobalSection
	GlobalSection(ProjectConfigurationPlatforms) = postSolution
		{8F4D3928-B0CB-4627-AFFA-58D89D1C67A9}.Debug|Any CPU.ActiveCfg = Debug|Any CPU
		{8F4D3928-B0CB-4627-AFFA-58D89D1C67A9}.Debug|Any CPU.Build.0 = Debug|Any CPU
		{8F4D3928-B0CB-4627-AFFA-58D89D1C67A9}.Release|Any CPU.ActiveCfg = Release|Any CPU
		{8F4D3928-B0CB-4627-AFFA-58D89D1C67A9}.Release|Any CPU.Build.0 = Release|Any CPU
		{57009932-2892-4910-880B-088B3ACD3A4C}.Debug|Any CPU.ActiveCfg = Debug|Any CPU
		{57009932-2892-4910-880B-088B3ACD3A4C}.Debug|Any CPU.Build.0 = Debug|Any CPU
		{57009932-2892-4910-880B-088B3ACD3A4C}.Release|Any CPU.ActiveCfg = Release|Any CPU
		{57009932-2892-4910-880B-088B3ACD3A4C}.Release|Any CPU.Build.0 = Release|Any CPU
		{FD4DA83E-006E-4975-BFFF-EE1D34823440}.Debug|Any CPU.ActiveCfg = Debug|Any CPU
		{FD4DA83E-006E-4975-BFFF-EE1D34823440}.Debug|Any CPU.Build.0 = Debug|Any CPU
		{FD4DA83E-006E-4975-BFFF-EE1D34823440}.Release|Any CPU.ActiveCfg = Release|Any CPU
		{FD4DA83E-006E-4975-BFFF-EE1D34823440}.Release|Any CPU.Build.0 = Release|Any CPU
		{0A80FF6E-6ACC-44EB-B295-8814F8826C30}.Debug|Any CPU.ActiveCfg = Debug|Any CPU
		{0A80FF6E-6ACC-44EB-B295-8814F8826C30}.Debug|Any CPU.Build.0 = Debug|Any CPU
		{0A80FF6E-6ACC-44EB-B295-8814F8826C30}.Release|Any CPU.ActiveCfg = Release|Any CPU
		{0A80FF6E-6ACC-44EB-B295-8814F8826C30}.Release|Any CPU.Build.0 = Release|Any CPU
		{AB72A6C5-8C5D-4612-BEC9-FB3477D192C0}.Debug|Any CPU.ActiveCfg = Debug|Any CPU
		{AB72A6C5-8C5D-4612-BEC9-FB3477D192C0}.Debug|Any CPU.Build.0 = Debug|Any CPU
		{AB72A6C5-8C5D-4612-BEC9-FB3477D192C0}.Release|Any CPU.ActiveCfg = Release|Any CPU
		{AB72A6C5-8C5D-4612-BEC9-FB3477D192C0}.Release|Any CPU.Build.0 = Release|Any CPU
	EndGlobalSection
	GlobalSection(SolutionProperties) = preSolution
		HideSolutionNode = FALSE
	EndGlobalSection
EndGlobal
