
Microsoft Visual Studio Solution File, Format Version 12.00
# Visual Studio 2013
VisualStudioVersion = 12.0.40629.0
MinimumVisualStudioVersion = 10.0.40219.1
Project("{FAE04EC0-301F-11D3-BF4B-00C04F79EFBC}") = "01.Budget", "01.Budget\01.Budget.csproj", "{9D8E9C50-5950-4C00-BA08-E0812DAD9590}"
EndProject
Project("{FAE04EC0-301F-11D3-BF4B-00C04F79EFBC}") = "04.WeirdCombinations", "02.OddEvenCounter\04.WeirdCombinations.csproj", "{434B0B21-AA57-47B0-8194-474F3D275AE3}"
EndProject
Global
	GlobalSection(SolutionConfigurationPlatforms) = preSolution
		Debug|Any CPU = Debug|Any CPU
		Release|Any CPU = Release|Any CPU
	EndGlobalSection
	GlobalSection(ProjectConfigurationPlatforms) = postSolution
		{9D8E9C50-5950-4C00-BA08-E0812DAD9590}.Debug|Any CPU.ActiveCfg = Debug|Any CPU
		{9D8E9C50-5950-4C00-BA08-E0812DAD9590}.Debug|Any CPU.Build.0 = Debug|Any CPU
		{9D8E9C50-5950-4C00-BA08-E0812DAD9590}.Release|Any CPU.ActiveCfg = Release|Any CPU
		{9D8E9C50-5950-4C00-BA08-E0812DAD9590}.Release|Any CPU.Build.0 = Release|Any CPU
		{434B0B21-AA57-47B0-8194-474F3D275AE3}.Debug|Any CPU.ActiveCfg = Debug|Any CPU
		{434B0B21-AA57-47B0-8194-474F3D275AE3}.Debug|Any CPU.Build.0 = Debug|Any CPU
		{434B0B21-AA57-47B0-8194-474F3D275AE3}.Release|Any CPU.ActiveCfg = Release|Any CPU
		{434B0B21-AA57-47B0-8194-474F3D275AE3}.Release|Any CPU.Build.0 = Release|Any CPU
	EndGlobalSection
	GlobalSection(SolutionProperties) = preSolution
		HideSolutionNode = FALSE
	EndGlobalSection
EndGlobal
