
Microsoft Visual Studio Solution File, Format Version 12.00
# Visual Studio 15
VisualStudioVersion = 15.0.26430.16
MinimumVisualStudioVersion = 10.0.40219.1
Project("{FAE04EC0-301F-11D3-BF4B-00C04F79EFBC}") = "01.Library", "01.Library\01.Library.csproj", "{DB3B3033-10CA-485E-AB87-CCFD7F3A7665}"
EndProject
Project("{FAE04EC0-301F-11D3-BF4B-00C04F79EFBC}") = "02.LibraryIterator", "02.LibraryIterator\02.LibraryIterator.csproj", "{0BAC338A-339C-4F3A-8CAA-5BD1BEC9348F}"
EndProject
Project("{FAE04EC0-301F-11D3-BF4B-00C04F79EFBC}") = "03.ComparableBook", "03.ComparableBook\03.ComparableBook.csproj", "{F240277A-FC3C-4233-836E-A5801D903A5D}"
EndProject
Project("{FAE04EC0-301F-11D3-BF4B-00C04F79EFBC}") = "04.BookComparer", "04.BookComparer\04.BookComparer.csproj", "{6C4587CA-C505-40CF-886E-B403B4245BA7}"
EndProject
Global
	GlobalSection(SolutionConfigurationPlatforms) = preSolution
		Debug|Any CPU = Debug|Any CPU
		Release|Any CPU = Release|Any CPU
	EndGlobalSection
	GlobalSection(ProjectConfigurationPlatforms) = postSolution
		{DB3B3033-10CA-485E-AB87-CCFD7F3A7665}.Debug|Any CPU.ActiveCfg = Debug|Any CPU
		{DB3B3033-10CA-485E-AB87-CCFD7F3A7665}.Debug|Any CPU.Build.0 = Debug|Any CPU
		{DB3B3033-10CA-485E-AB87-CCFD7F3A7665}.Release|Any CPU.ActiveCfg = Release|Any CPU
		{DB3B3033-10CA-485E-AB87-CCFD7F3A7665}.Release|Any CPU.Build.0 = Release|Any CPU
		{0BAC338A-339C-4F3A-8CAA-5BD1BEC9348F}.Debug|Any CPU.ActiveCfg = Debug|Any CPU
		{0BAC338A-339C-4F3A-8CAA-5BD1BEC9348F}.Debug|Any CPU.Build.0 = Debug|Any CPU
		{0BAC338A-339C-4F3A-8CAA-5BD1BEC9348F}.Release|Any CPU.ActiveCfg = Release|Any CPU
		{0BAC338A-339C-4F3A-8CAA-5BD1BEC9348F}.Release|Any CPU.Build.0 = Release|Any CPU
		{F240277A-FC3C-4233-836E-A5801D903A5D}.Debug|Any CPU.ActiveCfg = Debug|Any CPU
		{F240277A-FC3C-4233-836E-A5801D903A5D}.Debug|Any CPU.Build.0 = Debug|Any CPU
		{F240277A-FC3C-4233-836E-A5801D903A5D}.Release|Any CPU.ActiveCfg = Release|Any CPU
		{F240277A-FC3C-4233-836E-A5801D903A5D}.Release|Any CPU.Build.0 = Release|Any CPU
		{6C4587CA-C505-40CF-886E-B403B4245BA7}.Debug|Any CPU.ActiveCfg = Debug|Any CPU
		{6C4587CA-C505-40CF-886E-B403B4245BA7}.Debug|Any CPU.Build.0 = Debug|Any CPU
		{6C4587CA-C505-40CF-886E-B403B4245BA7}.Release|Any CPU.ActiveCfg = Release|Any CPU
		{6C4587CA-C505-40CF-886E-B403B4245BA7}.Release|Any CPU.Build.0 = Release|Any CPU
	EndGlobalSection
	GlobalSection(SolutionProperties) = preSolution
		HideSolutionNode = FALSE
	EndGlobalSection
EndGlobal
