
Microsoft Visual Studio Solution File, Format Version 12.00
# Visual Studio 2013
VisualStudioVersion = 12.0.40629.0
MinimumVisualStudioVersion = 10.0.40219.1
Project("{FAE04EC0-301F-11D3-BF4B-00C04F79EFBC}") = "1.DailyCalorieIntake", "1.DailyCalorieIntake\1.DailyCalorieIntake.csproj", "{4AB98330-8BA7-428F-A817-41FC1BCBFE03}"
EndProject
Project("{FAE04EC0-301F-11D3-BF4B-00C04F79EFBC}") = "2.FoodballStatistician", "2.FoodballStatistician\2.FoodballStatistician.csproj", "{312559D1-78BF-4213-A7C7-B3BC7DA8F09E}"
EndProject
Project("{FAE04EC0-301F-11D3-BF4B-00C04F79EFBC}") = "3.StripedTowel", "3.StripedTowel\3.StripedTowel.csproj", "{92CEADAF-1217-4A9C-BB0E-0CB8D578B374}"
EndProject
Project("{FAE04EC0-301F-11D3-BF4B-00C04F79EFBC}") = "4.TeleportPoints", "4.TeleportPoints\4.TeleportPoints.csproj", "{98D4592C-D0A0-4679-9F47-58C61781F4B4}"
EndProject
Global
	GlobalSection(SolutionConfigurationPlatforms) = preSolution
		Debug|Any CPU = Debug|Any CPU
		Release|Any CPU = Release|Any CPU
	EndGlobalSection
	GlobalSection(ProjectConfigurationPlatforms) = postSolution
		{4AB98330-8BA7-428F-A817-41FC1BCBFE03}.Debug|Any CPU.ActiveCfg = Debug|Any CPU
		{4AB98330-8BA7-428F-A817-41FC1BCBFE03}.Debug|Any CPU.Build.0 = Debug|Any CPU
		{4AB98330-8BA7-428F-A817-41FC1BCBFE03}.Release|Any CPU.ActiveCfg = Release|Any CPU
		{4AB98330-8BA7-428F-A817-41FC1BCBFE03}.Release|Any CPU.Build.0 = Release|Any CPU
		{312559D1-78BF-4213-A7C7-B3BC7DA8F09E}.Debug|Any CPU.ActiveCfg = Debug|Any CPU
		{312559D1-78BF-4213-A7C7-B3BC7DA8F09E}.Debug|Any CPU.Build.0 = Debug|Any CPU
		{312559D1-78BF-4213-A7C7-B3BC7DA8F09E}.Release|Any CPU.ActiveCfg = Release|Any CPU
		{312559D1-78BF-4213-A7C7-B3BC7DA8F09E}.Release|Any CPU.Build.0 = Release|Any CPU
		{92CEADAF-1217-4A9C-BB0E-0CB8D578B374}.Debug|Any CPU.ActiveCfg = Debug|Any CPU
		{92CEADAF-1217-4A9C-BB0E-0CB8D578B374}.Debug|Any CPU.Build.0 = Debug|Any CPU
		{92CEADAF-1217-4A9C-BB0E-0CB8D578B374}.Release|Any CPU.ActiveCfg = Release|Any CPU
		{92CEADAF-1217-4A9C-BB0E-0CB8D578B374}.Release|Any CPU.Build.0 = Release|Any CPU
		{98D4592C-D0A0-4679-9F47-58C61781F4B4}.Debug|Any CPU.ActiveCfg = Debug|Any CPU
		{98D4592C-D0A0-4679-9F47-58C61781F4B4}.Debug|Any CPU.Build.0 = Debug|Any CPU
		{98D4592C-D0A0-4679-9F47-58C61781F4B4}.Release|Any CPU.ActiveCfg = Release|Any CPU
		{98D4592C-D0A0-4679-9F47-58C61781F4B4}.Release|Any CPU.Build.0 = Release|Any CPU
	EndGlobalSection
	GlobalSection(SolutionProperties) = preSolution
		HideSolutionNode = FALSE
	EndGlobalSection
EndGlobal
