
Microsoft Visual Studio Solution File, Format Version 12.00
# Visual Studio 15
VisualStudioVersion = 15.0.26730.16
MinimumVisualStudioVersion = 10.0.40219.1
Project("{9A19103F-16F7-4668-BE54-9A1E7A4F7556}") = "01.EvenNumbersThread", "01.EvenNumbersThread\01.EvenNumbersThread.csproj", "{C129227A-99AC-4E64-A78F-9A25044156C9}"
EndProject
Project("{9A19103F-16F7-4668-BE54-9A1E7A4F7556}") = "02.SliceFile", "02.SliceFile\02.SliceFile.csproj", "{3416EB80-FFEE-4483-B8EF-477DD98EE68F}"
EndProject
Project("{FAE04EC0-301F-11D3-BF4B-00C04F79EFBC}") = "03.SimpleWebServer", "03.SimpleWebServer\03.SimpleWebServer.csproj", "{C6131698-D0B7-4B9B-A630-93E35FD9640D}"
EndProject
Global
	GlobalSection(SolutionConfigurationPlatforms) = preSolution
		Debug|Any CPU = Debug|Any CPU
		Release|Any CPU = Release|Any CPU
	EndGlobalSection
	GlobalSection(ProjectConfigurationPlatforms) = postSolution
		{C129227A-99AC-4E64-A78F-9A25044156C9}.Debug|Any CPU.ActiveCfg = Debug|Any CPU
		{C129227A-99AC-4E64-A78F-9A25044156C9}.Debug|Any CPU.Build.0 = Debug|Any CPU
		{C129227A-99AC-4E64-A78F-9A25044156C9}.Release|Any CPU.ActiveCfg = Release|Any CPU
		{C129227A-99AC-4E64-A78F-9A25044156C9}.Release|Any CPU.Build.0 = Release|Any CPU
		{3416EB80-FFEE-4483-B8EF-477DD98EE68F}.Debug|Any CPU.ActiveCfg = Debug|Any CPU
		{3416EB80-FFEE-4483-B8EF-477DD98EE68F}.Debug|Any CPU.Build.0 = Debug|Any CPU
		{3416EB80-FFEE-4483-B8EF-477DD98EE68F}.Release|Any CPU.ActiveCfg = Release|Any CPU
		{3416EB80-FFEE-4483-B8EF-477DD98EE68F}.Release|Any CPU.Build.0 = Release|Any CPU
		{C6131698-D0B7-4B9B-A630-93E35FD9640D}.Debug|Any CPU.ActiveCfg = Debug|Any CPU
		{C6131698-D0B7-4B9B-A630-93E35FD9640D}.Debug|Any CPU.Build.0 = Debug|Any CPU
		{C6131698-D0B7-4B9B-A630-93E35FD9640D}.Release|Any CPU.ActiveCfg = Release|Any CPU
		{C6131698-D0B7-4B9B-A630-93E35FD9640D}.Release|Any CPU.Build.0 = Release|Any CPU
	EndGlobalSection
	GlobalSection(SolutionProperties) = preSolution
		HideSolutionNode = FALSE
	EndGlobalSection
	GlobalSection(ExtensibilityGlobals) = postSolution
		SolutionGuid = {54F8EA78-CE71-4DA1-A983-F87459848865}
	EndGlobalSection
EndGlobal
