
Microsoft Visual Studio Solution File, Format Version 12.00
# Visual Studio 2013
VisualStudioVersion = 12.0.40629.0
MinimumVisualStudioVersion = 10.0.40219.1
Project("{FAE04EC0-301F-11D3-BF4B-00C04F79EFBC}") = "1.FruitMarket", "1.FruitMarket\1.FruitMarket.csproj", "{1E536394-F6AF-4B6B-AB2B-0B8F7C004761}"
EndProject
Project("{FAE04EC0-301F-11D3-BF4B-00C04F79EFBC}") = "2.BiggestTriple", "2.BiggestTriple\2.BiggestTriple.csproj", "{0436EEE4-3108-463D-BF21-269F41E3A2A9}"
EndProject
Project("{FAE04EC0-301F-11D3-BF4B-00C04F79EFBC}") = "3.WineGlass", "3.WineGlass\3.WineGlass.csproj", "{04E474E5-37BA-4A94-996A-FEDFEFD9033B}"
EndProject
Project("{FAE04EC0-301F-11D3-BF4B-00C04F79EFBC}") = "4.LongestAlphabeticWord", "4.LongestAlphabeticWord\4.LongestAlphabeticWord.csproj", "{C5BCDF27-B421-4EC0-B46D-995377D4AEDB}"
EndProject
Project("{FAE04EC0-301F-11D3-BF4B-00C04F79EFBC}") = "5.BitShooter", "5.BitShooter\5.BitShooter.csproj", "{BB98E003-F04E-40D5-ACA0-4C0D0DE0EE9B}"
EndProject
Global
	GlobalSection(SolutionConfigurationPlatforms) = preSolution
		Debug|Any CPU = Debug|Any CPU
		Release|Any CPU = Release|Any CPU
	EndGlobalSection
	GlobalSection(ProjectConfigurationPlatforms) = postSolution
		{1E536394-F6AF-4B6B-AB2B-0B8F7C004761}.Debug|Any CPU.ActiveCfg = Debug|Any CPU
		{1E536394-F6AF-4B6B-AB2B-0B8F7C004761}.Debug|Any CPU.Build.0 = Debug|Any CPU
		{1E536394-F6AF-4B6B-AB2B-0B8F7C004761}.Release|Any CPU.ActiveCfg = Release|Any CPU
		{1E536394-F6AF-4B6B-AB2B-0B8F7C004761}.Release|Any CPU.Build.0 = Release|Any CPU
		{0436EEE4-3108-463D-BF21-269F41E3A2A9}.Debug|Any CPU.ActiveCfg = Debug|Any CPU
		{0436EEE4-3108-463D-BF21-269F41E3A2A9}.Debug|Any CPU.Build.0 = Debug|Any CPU
		{0436EEE4-3108-463D-BF21-269F41E3A2A9}.Release|Any CPU.ActiveCfg = Release|Any CPU
		{0436EEE4-3108-463D-BF21-269F41E3A2A9}.Release|Any CPU.Build.0 = Release|Any CPU
		{04E474E5-37BA-4A94-996A-FEDFEFD9033B}.Debug|Any CPU.ActiveCfg = Debug|Any CPU
		{04E474E5-37BA-4A94-996A-FEDFEFD9033B}.Debug|Any CPU.Build.0 = Debug|Any CPU
		{04E474E5-37BA-4A94-996A-FEDFEFD9033B}.Release|Any CPU.ActiveCfg = Release|Any CPU
		{04E474E5-37BA-4A94-996A-FEDFEFD9033B}.Release|Any CPU.Build.0 = Release|Any CPU
		{C5BCDF27-B421-4EC0-B46D-995377D4AEDB}.Debug|Any CPU.ActiveCfg = Debug|Any CPU
		{C5BCDF27-B421-4EC0-B46D-995377D4AEDB}.Debug|Any CPU.Build.0 = Debug|Any CPU
		{C5BCDF27-B421-4EC0-B46D-995377D4AEDB}.Release|Any CPU.ActiveCfg = Release|Any CPU
		{C5BCDF27-B421-4EC0-B46D-995377D4AEDB}.Release|Any CPU.Build.0 = Release|Any CPU
		{BB98E003-F04E-40D5-ACA0-4C0D0DE0EE9B}.Debug|Any CPU.ActiveCfg = Debug|Any CPU
		{BB98E003-F04E-40D5-ACA0-4C0D0DE0EE9B}.Debug|Any CPU.Build.0 = Debug|Any CPU
		{BB98E003-F04E-40D5-ACA0-4C0D0DE0EE9B}.Release|Any CPU.ActiveCfg = Release|Any CPU
		{BB98E003-F04E-40D5-ACA0-4C0D0DE0EE9B}.Release|Any CPU.Build.0 = Release|Any CPU
	EndGlobalSection
	GlobalSection(SolutionProperties) = preSolution
		HideSolutionNode = FALSE
	EndGlobalSection
EndGlobal
