
Microsoft Visual Studio Solution File, Format Version 12.00
# Visual Studio 2013
VisualStudioVersion = 12.0.40629.0
MinimumVisualStudioVersion = 10.0.40219.1
Project("{FAE04EC0-301F-11D3-BF4B-00C04F79EFBC}") = "01.Volleyball", "01.Volleyball\01.Volleyball.csproj", "{7293E8A0-8B16-4CD6-9F71-F5D73C95DC97}"
EndProject
Project("{FAE04EC0-301F-11D3-BF4B-00C04F79EFBC}") = "02.OddEvenSum", "02.OddEvenSum\02.OddEvenSum.csproj", "{A953B290-DD1E-43EF-A6C1-7AB58314B6E8}"
EndProject
Project("{FAE04EC0-301F-11D3-BF4B-00C04F79EFBC}") = "03.Eclipse", "03.Eclipse\03.Eclipse.csproj", "{E52683DD-8431-4CAB-A983-2BB582650F5C}"
EndProject
Project("{FAE04EC0-301F-11D3-BF4B-00C04F79EFBC}") = "04.HayvanNumbers", "04.HayvanNumbers\04.HayvanNumbers.csproj", "{6796C59D-9383-48A0-B9C8-93DA56DC601C}"
EndProject
Project("{FAE04EC0-301F-11D3-BF4B-00C04F79EFBC}") = "05.BitsUp", "05.BitsUp\05.BitsUp.csproj", "{DAB60DEE-D02E-4CC2-9C60-7EF901EDB5D7}"
EndProject
Global
	GlobalSection(SolutionConfigurationPlatforms) = preSolution
		Debug|Any CPU = Debug|Any CPU
		Release|Any CPU = Release|Any CPU
	EndGlobalSection
	GlobalSection(ProjectConfigurationPlatforms) = postSolution
		{7293E8A0-8B16-4CD6-9F71-F5D73C95DC97}.Debug|Any CPU.ActiveCfg = Debug|Any CPU
		{7293E8A0-8B16-4CD6-9F71-F5D73C95DC97}.Debug|Any CPU.Build.0 = Debug|Any CPU
		{7293E8A0-8B16-4CD6-9F71-F5D73C95DC97}.Release|Any CPU.ActiveCfg = Release|Any CPU
		{7293E8A0-8B16-4CD6-9F71-F5D73C95DC97}.Release|Any CPU.Build.0 = Release|Any CPU
		{A953B290-DD1E-43EF-A6C1-7AB58314B6E8}.Debug|Any CPU.ActiveCfg = Debug|Any CPU
		{A953B290-DD1E-43EF-A6C1-7AB58314B6E8}.Debug|Any CPU.Build.0 = Debug|Any CPU
		{A953B290-DD1E-43EF-A6C1-7AB58314B6E8}.Release|Any CPU.ActiveCfg = Release|Any CPU
		{A953B290-DD1E-43EF-A6C1-7AB58314B6E8}.Release|Any CPU.Build.0 = Release|Any CPU
		{E52683DD-8431-4CAB-A983-2BB582650F5C}.Debug|Any CPU.ActiveCfg = Debug|Any CPU
		{E52683DD-8431-4CAB-A983-2BB582650F5C}.Debug|Any CPU.Build.0 = Debug|Any CPU
		{E52683DD-8431-4CAB-A983-2BB582650F5C}.Release|Any CPU.ActiveCfg = Release|Any CPU
		{E52683DD-8431-4CAB-A983-2BB582650F5C}.Release|Any CPU.Build.0 = Release|Any CPU
		{6796C59D-9383-48A0-B9C8-93DA56DC601C}.Debug|Any CPU.ActiveCfg = Debug|Any CPU
		{6796C59D-9383-48A0-B9C8-93DA56DC601C}.Debug|Any CPU.Build.0 = Debug|Any CPU
		{6796C59D-9383-48A0-B9C8-93DA56DC601C}.Release|Any CPU.ActiveCfg = Release|Any CPU
		{6796C59D-9383-48A0-B9C8-93DA56DC601C}.Release|Any CPU.Build.0 = Release|Any CPU
		{DAB60DEE-D02E-4CC2-9C60-7EF901EDB5D7}.Debug|Any CPU.ActiveCfg = Debug|Any CPU
		{DAB60DEE-D02E-4CC2-9C60-7EF901EDB5D7}.Debug|Any CPU.Build.0 = Debug|Any CPU
		{DAB60DEE-D02E-4CC2-9C60-7EF901EDB5D7}.Release|Any CPU.ActiveCfg = Release|Any CPU
		{DAB60DEE-D02E-4CC2-9C60-7EF901EDB5D7}.Release|Any CPU.Build.0 = Release|Any CPU
	EndGlobalSection
	GlobalSection(SolutionProperties) = preSolution
		HideSolutionNode = FALSE
	EndGlobalSection
EndGlobal
