
Microsoft Visual Studio Solution File, Format Version 12.00
# Visual Studio 2013
VisualStudioVersion = 12.0.40629.0
MinimumVisualStudioVersion = 10.0.40219.1
Project("{FAE04EC0-301F-11D3-BF4B-00C04F79EFBC}") = "PlaneDown", "Задачи\PlaneDown.csproj", "{D60987FD-9609-4E25-8D92-74AAE7849732}"
EndProject
Project("{FAE04EC0-301F-11D3-BF4B-00C04F79EFBC}") = "AceOfDiamond", "AceOfDiamond\AceOfDiamond.csproj", "{8511F136-9ED2-42AC-BFB7-F08789AB15C6}"
EndProject
Project("{FAE04EC0-301F-11D3-BF4B-00C04F79EFBC}") = "ProspectInHospitality", "ProspectInHospitality\ProspectInHospitality.csproj", "{745D0BBB-227D-4D31-BCBB-35C340FF7223}"
EndProject
Project("{FAE04EC0-301F-11D3-BF4B-00C04F79EFBC}") = "SudokuResult", "SudokuResult\SudokuResult.csproj", "{593EAD90-4B14-48A9-B666-BA806998D726}"
EndProject
Project("{FAE04EC0-301F-11D3-BF4B-00C04F79EFBC}") = "LocalElections", "LocalElections\LocalElections.csproj", "{92EDA4B7-D091-4290-8BC2-3E537820A928}"
EndProject
Project("{FAE04EC0-301F-11D3-BF4B-00C04F79EFBC}") = "PerfectGirlfriend", "PerfectGirlfriend\PerfectGirlfriend.csproj", "{06B95F90-3A15-4034-9B73-CEF38831C917}"
EndProject
Project("{FAE04EC0-301F-11D3-BF4B-00C04F79EFBC}") = "ShuffleBits", "ShuffleBits\ShuffleBits.csproj", "{3EED5478-C294-40C4-BF45-DC70461139EA}"
EndProject
Global
	GlobalSection(SolutionConfigurationPlatforms) = preSolution
		Debug|Any CPU = Debug|Any CPU
		Release|Any CPU = Release|Any CPU
	EndGlobalSection
	GlobalSection(ProjectConfigurationPlatforms) = postSolution
		{D60987FD-9609-4E25-8D92-74AAE7849732}.Debug|Any CPU.ActiveCfg = Debug|Any CPU
		{D60987FD-9609-4E25-8D92-74AAE7849732}.Debug|Any CPU.Build.0 = Debug|Any CPU
		{D60987FD-9609-4E25-8D92-74AAE7849732}.Release|Any CPU.ActiveCfg = Release|Any CPU
		{D60987FD-9609-4E25-8D92-74AAE7849732}.Release|Any CPU.Build.0 = Release|Any CPU
		{8511F136-9ED2-42AC-BFB7-F08789AB15C6}.Debug|Any CPU.ActiveCfg = Debug|Any CPU
		{8511F136-9ED2-42AC-BFB7-F08789AB15C6}.Debug|Any CPU.Build.0 = Debug|Any CPU
		{8511F136-9ED2-42AC-BFB7-F08789AB15C6}.Release|Any CPU.ActiveCfg = Release|Any CPU
		{8511F136-9ED2-42AC-BFB7-F08789AB15C6}.Release|Any CPU.Build.0 = Release|Any CPU
		{745D0BBB-227D-4D31-BCBB-35C340FF7223}.Debug|Any CPU.ActiveCfg = Debug|Any CPU
		{745D0BBB-227D-4D31-BCBB-35C340FF7223}.Debug|Any CPU.Build.0 = Debug|Any CPU
		{745D0BBB-227D-4D31-BCBB-35C340FF7223}.Release|Any CPU.ActiveCfg = Release|Any CPU
		{745D0BBB-227D-4D31-BCBB-35C340FF7223}.Release|Any CPU.Build.0 = Release|Any CPU
		{593EAD90-4B14-48A9-B666-BA806998D726}.Debug|Any CPU.ActiveCfg = Debug|Any CPU
		{593EAD90-4B14-48A9-B666-BA806998D726}.Debug|Any CPU.Build.0 = Debug|Any CPU
		{593EAD90-4B14-48A9-B666-BA806998D726}.Release|Any CPU.ActiveCfg = Release|Any CPU
		{593EAD90-4B14-48A9-B666-BA806998D726}.Release|Any CPU.Build.0 = Release|Any CPU
		{92EDA4B7-D091-4290-8BC2-3E537820A928}.Debug|Any CPU.ActiveCfg = Debug|Any CPU
		{92EDA4B7-D091-4290-8BC2-3E537820A928}.Debug|Any CPU.Build.0 = Debug|Any CPU
		{92EDA4B7-D091-4290-8BC2-3E537820A928}.Release|Any CPU.ActiveCfg = Release|Any CPU
		{92EDA4B7-D091-4290-8BC2-3E537820A928}.Release|Any CPU.Build.0 = Release|Any CPU
		{06B95F90-3A15-4034-9B73-CEF38831C917}.Debug|Any CPU.ActiveCfg = Debug|Any CPU
		{06B95F90-3A15-4034-9B73-CEF38831C917}.Debug|Any CPU.Build.0 = Debug|Any CPU
		{06B95F90-3A15-4034-9B73-CEF38831C917}.Release|Any CPU.ActiveCfg = Release|Any CPU
		{06B95F90-3A15-4034-9B73-CEF38831C917}.Release|Any CPU.Build.0 = Release|Any CPU
		{3EED5478-C294-40C4-BF45-DC70461139EA}.Debug|Any CPU.ActiveCfg = Debug|Any CPU
		{3EED5478-C294-40C4-BF45-DC70461139EA}.Debug|Any CPU.Build.0 = Debug|Any CPU
		{3EED5478-C294-40C4-BF45-DC70461139EA}.Release|Any CPU.ActiveCfg = Release|Any CPU
		{3EED5478-C294-40C4-BF45-DC70461139EA}.Release|Any CPU.Build.0 = Release|Any CPU
	EndGlobalSection
	GlobalSection(SolutionProperties) = preSolution
		HideSolutionNode = FALSE
	EndGlobalSection
EndGlobal
