
Microsoft Visual Studio Solution File, Format Version 12.00
# Visual Studio 15
VisualStudioVersion = 15.0.26730.16
MinimumVisualStudioVersion = 10.0.40219.1
Project("{2150E333-8FDC-42A3-9474-1A3956D46DE8}") = "images", "images", "{7B05D3A3-78E2-4163-8A52-8E6A20453DD6}"
	ProjectSection(SolutionItems) = preProject
		C:\Users\martin\Desktop\C# Web\beer_1.png = C:\Users\martin\Desktop\C# Web\beer_1.png
		C:\Users\martin\Desktop\C# Web\beer_2.png = C:\Users\martin\Desktop\C# Web\beer_2.png
		C:\Users\martin\Desktop\C# Web\beer_3.png = C:\Users\martin\Desktop\C# Web\beer_3.png
		C:\Users\martin\Desktop\C# Web\beer_4.png = C:\Users\martin\Desktop\C# Web\beer_4.png
		C:\Users\martin\Desktop\C# Web\logo.png = C:\Users\martin\Desktop\C# Web\logo.png
	EndProjectSection
EndProject
Project("{2150E333-8FDC-42A3-9474-1A3956D46DE8}") = "styles", "styles", "{533F2B63-EBFB-4002-8104-D5D637334EF8}"
	ProjectSection(SolutionItems) = preProject
		C:\Users\martin\Desktop\C# Web\form.css = C:\Users\martin\Desktop\C# Web\form.css
		style.css = style.css
	EndProjectSection
EndProject
Project("{2150E333-8FDC-42A3-9474-1A3956D46DE8}") = "BeerStore", "BeerStore", "{8BE21CF3-2599-4B6E-9600-0AD4B73BAA06}"
	ProjectSection(SolutionItems) = preProject
		all-beers.html = all-beers.html
		index.html = index.html
		login.html = login.html
		order.html = order.html
		register.html = register.html
		template.html = template.html
	EndProjectSection
EndProject
Global
	GlobalSection(SolutionProperties) = preSolution
		HideSolutionNode = FALSE
	EndGlobalSection
	GlobalSection(NestedProjects) = preSolution
		{7B05D3A3-78E2-4163-8A52-8E6A20453DD6} = {8BE21CF3-2599-4B6E-9600-0AD4B73BAA06}
		{533F2B63-EBFB-4002-8104-D5D637334EF8} = {8BE21CF3-2599-4B6E-9600-0AD4B73BAA06}
	EndGlobalSection
	GlobalSection(ExtensibilityGlobals) = postSolution
		SolutionGuid = {DA3B680D-660C-4B4F-8379-911CB3CED8A4}
	EndGlobalSection
EndGlobal
