
Microsoft Visual Studio Solution File, Format Version 12.00
# Visual Studio 15
VisualStudioVersion = 15.0.26430.16
MinimumVisualStudioVersion = 10.0.40219.1
Project("{FAE04EC0-301F-11D3-BF4B-00C04F79EFBC}") = "01.StreamProgress", "01.StreamProgress\01.StreamProgress.csproj", "{1DD9AE87-C8E8-4F8B-9E21-A38F8BA4ED17}"
EndProject
Project("{FAE04EC0-301F-11D3-BF4B-00C04F79EFBC}") = "02.GraphicEditor", "02.GraphicEditor\02.GraphicEditor.csproj", "{09E11DA4-81C7-429B-9F7B-88CDDA70F3F0}"
EndProject
Project("{FAE04EC0-301F-11D3-BF4B-00C04F79EFBC}") = "03.DetailPrinter", "03.DetailPrinter\03.DetailPrinter.csproj", "{B254DC82-F01A-40EA-BAA6-0FAC1E56ACC1}"
EndProject
Project("{FAE04EC0-301F-11D3-BF4B-00C04F79EFBC}") = "04. Recharge", "04. Recharge\04. Recharge.csproj", "{4402BF69-F229-49AF-BEFD-AAD6247B0448}"
EndProject
Project("{FAE04EC0-301F-11D3-BF4B-00C04F79EFBC}") = "05.SecurityDoor", "05.SecurityDoor\05.SecurityDoor.csproj", "{F683CC43-0623-4978-A643-24F736772DB6}"
EndProject
Global
	GlobalSection(SolutionConfigurationPlatforms) = preSolution
		Debug|Any CPU = Debug|Any CPU
		Release|Any CPU = Release|Any CPU
	EndGlobalSection
	GlobalSection(ProjectConfigurationPlatforms) = postSolution
		{1DD9AE87-C8E8-4F8B-9E21-A38F8BA4ED17}.Debug|Any CPU.ActiveCfg = Debug|Any CPU
		{1DD9AE87-C8E8-4F8B-9E21-A38F8BA4ED17}.Debug|Any CPU.Build.0 = Debug|Any CPU
		{1DD9AE87-C8E8-4F8B-9E21-A38F8BA4ED17}.Release|Any CPU.ActiveCfg = Release|Any CPU
		{1DD9AE87-C8E8-4F8B-9E21-A38F8BA4ED17}.Release|Any CPU.Build.0 = Release|Any CPU
		{09E11DA4-81C7-429B-9F7B-88CDDA70F3F0}.Debug|Any CPU.ActiveCfg = Debug|Any CPU
		{09E11DA4-81C7-429B-9F7B-88CDDA70F3F0}.Debug|Any CPU.Build.0 = Debug|Any CPU
		{09E11DA4-81C7-429B-9F7B-88CDDA70F3F0}.Release|Any CPU.ActiveCfg = Release|Any CPU
		{09E11DA4-81C7-429B-9F7B-88CDDA70F3F0}.Release|Any CPU.Build.0 = Release|Any CPU
		{B254DC82-F01A-40EA-BAA6-0FAC1E56ACC1}.Debug|Any CPU.ActiveCfg = Debug|Any CPU
		{B254DC82-F01A-40EA-BAA6-0FAC1E56ACC1}.Debug|Any CPU.Build.0 = Debug|Any CPU
		{B254DC82-F01A-40EA-BAA6-0FAC1E56ACC1}.Release|Any CPU.ActiveCfg = Release|Any CPU
		{B254DC82-F01A-40EA-BAA6-0FAC1E56ACC1}.Release|Any CPU.Build.0 = Release|Any CPU
		{4402BF69-F229-49AF-BEFD-AAD6247B0448}.Debug|Any CPU.ActiveCfg = Debug|Any CPU
		{4402BF69-F229-49AF-BEFD-AAD6247B0448}.Debug|Any CPU.Build.0 = Debug|Any CPU
		{4402BF69-F229-49AF-BEFD-AAD6247B0448}.Release|Any CPU.ActiveCfg = Release|Any CPU
		{4402BF69-F229-49AF-BEFD-AAD6247B0448}.Release|Any CPU.Build.0 = Release|Any CPU
		{F683CC43-0623-4978-A643-24F736772DB6}.Debug|Any CPU.ActiveCfg = Debug|Any CPU
		{F683CC43-0623-4978-A643-24F736772DB6}.Debug|Any CPU.Build.0 = Debug|Any CPU
		{F683CC43-0623-4978-A643-24F736772DB6}.Release|Any CPU.ActiveCfg = Release|Any CPU
		{F683CC43-0623-4978-A643-24F736772DB6}.Release|Any CPU.Build.0 = Release|Any CPU
	EndGlobalSection
	GlobalSection(SolutionProperties) = preSolution
		HideSolutionNode = FALSE
	EndGlobalSection
EndGlobal
