
Microsoft Visual Studio Solution File, Format Version 12.00
# Visual Studio 15
VisualStudioVersion = 15.0.26430.16
MinimumVisualStudioVersion = 10.0.40219.1
Project("{FAE04EC0-301F-11D3-BF4B-00C04F79EFBC}") = "01.DefineIPerson", "Interfaces-Exercises\01.DefineIPerson.csproj", "{C0795764-B23C-4C08-BDB7-AD29B2ACC51F}"
EndProject
Project("{FAE04EC0-301F-11D3-BF4B-00C04F79EFBC}") = "02.MultipleImplementation", "02.MultipleImplementation\02.MultipleImplementation.csproj", "{F24F2499-1C8C-4A4B-B3D5-8661777E9DA3}"
EndProject
Project("{FAE04EC0-301F-11D3-BF4B-00C04F79EFBC}") = "03.Ferrari", "03.Ferrari\03.Ferrari.csproj", "{0765149C-5AB9-4130-870D-65549166FFE6}"
EndProject
Project("{FAE04EC0-301F-11D3-BF4B-00C04F79EFBC}") = "04.Telephony", "04.Telephony\04.Telephony.csproj", "{EF98C3DD-A5BE-4A0C-BA39-C77BE1D5CE61}"
EndProject
Project("{FAE04EC0-301F-11D3-BF4B-00C04F79EFBC}") = "05.BorderControl", "05.BorderControl\05.BorderControl.csproj", "{E1378042-8FEC-4C6A-95A9-3E722F548C06}"
EndProject
Project("{FAE04EC0-301F-11D3-BF4B-00C04F79EFBC}") = "06.BirthdayCelebrations", "06.BirthdayCelebrations\06.BirthdayCelebrations.csproj", "{E135F48D-2244-49F3-B04D-A4F8EB3987F3}"
EndProject
Project("{FAE04EC0-301F-11D3-BF4B-00C04F79EFBC}") = "07.FoodShortage", "07.FoodShortage\07.FoodShortage.csproj", "{91CC40B8-65DB-40E0-BAE2-2B39199D4C5D}"
EndProject
Project("{FAE04EC0-301F-11D3-BF4B-00C04F79EFBC}") = "08.MilitaryElite", "08.MilitaryElite\08.MilitaryElite.csproj", "{15094814-F1A5-44CD-9CA9-00F98B93B65B}"
EndProject
Project("{FAE04EC0-301F-11D3-BF4B-00C04F79EFBC}") = "09.Collection Hierarchy", "09.Collection Hierarchy\09.Collection Hierarchy.csproj", "{5E49C4CF-EE42-47A5-9436-B454008A1C7C}"
EndProject
Project("{FAE04EC0-301F-11D3-BF4B-00C04F79EFBC}") = "10.ExplicitInterfaces", "10.ExplicitInterfaces\10.ExplicitInterfaces.csproj", "{7E258AE4-9355-4E59-A3B8-D4243B91513F}"
EndProject
Global
	GlobalSection(SolutionConfigurationPlatforms) = preSolution
		Debug|Any CPU = Debug|Any CPU
		Release|Any CPU = Release|Any CPU
	EndGlobalSection
	GlobalSection(ProjectConfigurationPlatforms) = postSolution
		{C0795764-B23C-4C08-BDB7-AD29B2ACC51F}.Debug|Any CPU.ActiveCfg = Debug|Any CPU
		{C0795764-B23C-4C08-BDB7-AD29B2ACC51F}.Debug|Any CPU.Build.0 = Debug|Any CPU
		{C0795764-B23C-4C08-BDB7-AD29B2ACC51F}.Release|Any CPU.ActiveCfg = Release|Any CPU
		{C0795764-B23C-4C08-BDB7-AD29B2ACC51F}.Release|Any CPU.Build.0 = Release|Any CPU
		{F24F2499-1C8C-4A4B-B3D5-8661777E9DA3}.Debug|Any CPU.ActiveCfg = Debug|Any CPU
		{F24F2499-1C8C-4A4B-B3D5-8661777E9DA3}.Debug|Any CPU.Build.0 = Debug|Any CPU
		{F24F2499-1C8C-4A4B-B3D5-8661777E9DA3}.Release|Any CPU.ActiveCfg = Release|Any CPU
		{F24F2499-1C8C-4A4B-B3D5-8661777E9DA3}.Release|Any CPU.Build.0 = Release|Any CPU
		{0765149C-5AB9-4130-870D-65549166FFE6}.Debug|Any CPU.ActiveCfg = Debug|Any CPU
		{0765149C-5AB9-4130-870D-65549166FFE6}.Debug|Any CPU.Build.0 = Debug|Any CPU
		{0765149C-5AB9-4130-870D-65549166FFE6}.Release|Any CPU.ActiveCfg = Release|Any CPU
		{0765149C-5AB9-4130-870D-65549166FFE6}.Release|Any CPU.Build.0 = Release|Any CPU
		{EF98C3DD-A5BE-4A0C-BA39-C77BE1D5CE61}.Debug|Any CPU.ActiveCfg = Debug|Any CPU
		{EF98C3DD-A5BE-4A0C-BA39-C77BE1D5CE61}.Debug|Any CPU.Build.0 = Debug|Any CPU
		{EF98C3DD-A5BE-4A0C-BA39-C77BE1D5CE61}.Release|Any CPU.ActiveCfg = Release|Any CPU
		{EF98C3DD-A5BE-4A0C-BA39-C77BE1D5CE61}.Release|Any CPU.Build.0 = Release|Any CPU
		{E1378042-8FEC-4C6A-95A9-3E722F548C06}.Debug|Any CPU.ActiveCfg = Debug|Any CPU
		{E1378042-8FEC-4C6A-95A9-3E722F548C06}.Debug|Any CPU.Build.0 = Debug|Any CPU
		{E1378042-8FEC-4C6A-95A9-3E722F548C06}.Release|Any CPU.ActiveCfg = Release|Any CPU
		{E1378042-8FEC-4C6A-95A9-3E722F548C06}.Release|Any CPU.Build.0 = Release|Any CPU
		{E135F48D-2244-49F3-B04D-A4F8EB3987F3}.Debug|Any CPU.ActiveCfg = Debug|Any CPU
		{E135F48D-2244-49F3-B04D-A4F8EB3987F3}.Debug|Any CPU.Build.0 = Debug|Any CPU
		{E135F48D-2244-49F3-B04D-A4F8EB3987F3}.Release|Any CPU.ActiveCfg = Release|Any CPU
		{E135F48D-2244-49F3-B04D-A4F8EB3987F3}.Release|Any CPU.Build.0 = Release|Any CPU
		{91CC40B8-65DB-40E0-BAE2-2B39199D4C5D}.Debug|Any CPU.ActiveCfg = Debug|Any CPU
		{91CC40B8-65DB-40E0-BAE2-2B39199D4C5D}.Debug|Any CPU.Build.0 = Debug|Any CPU
		{91CC40B8-65DB-40E0-BAE2-2B39199D4C5D}.Release|Any CPU.ActiveCfg = Release|Any CPU
		{91CC40B8-65DB-40E0-BAE2-2B39199D4C5D}.Release|Any CPU.Build.0 = Release|Any CPU
		{15094814-F1A5-44CD-9CA9-00F98B93B65B}.Debug|Any CPU.ActiveCfg = Debug|Any CPU
		{15094814-F1A5-44CD-9CA9-00F98B93B65B}.Debug|Any CPU.Build.0 = Debug|Any CPU
		{15094814-F1A5-44CD-9CA9-00F98B93B65B}.Release|Any CPU.ActiveCfg = Release|Any CPU
		{15094814-F1A5-44CD-9CA9-00F98B93B65B}.Release|Any CPU.Build.0 = Release|Any CPU
		{5E49C4CF-EE42-47A5-9436-B454008A1C7C}.Debug|Any CPU.ActiveCfg = Debug|Any CPU
		{5E49C4CF-EE42-47A5-9436-B454008A1C7C}.Debug|Any CPU.Build.0 = Debug|Any CPU
		{5E49C4CF-EE42-47A5-9436-B454008A1C7C}.Release|Any CPU.ActiveCfg = Release|Any CPU
		{5E49C4CF-EE42-47A5-9436-B454008A1C7C}.Release|Any CPU.Build.0 = Release|Any CPU
		{7E258AE4-9355-4E59-A3B8-D4243B91513F}.Debug|Any CPU.ActiveCfg = Debug|Any CPU
		{7E258AE4-9355-4E59-A3B8-D4243B91513F}.Debug|Any CPU.Build.0 = Debug|Any CPU
		{7E258AE4-9355-4E59-A3B8-D4243B91513F}.Release|Any CPU.ActiveCfg = Release|Any CPU
		{7E258AE4-9355-4E59-A3B8-D4243B91513F}.Release|Any CPU.Build.0 = Release|Any CPU
	EndGlobalSection
	GlobalSection(SolutionProperties) = preSolution
		HideSolutionNode = FALSE
	EndGlobalSection
EndGlobal
