
Microsoft Visual Studio Solution File, Format Version 12.00
# Visual Studio 2013
VisualStudioVersion = 12.0.40629.0
MinimumVisualStudioVersion = 10.0.40219.1
Project("{FAE04EC0-301F-11D3-BF4B-00C04F79EFBC}") = "01.FourFactors", "01.FourFactors\01.FourFactors.csproj", "{9E1C2B9A-B979-472D-BCE1-B9F19BD116E0}"
EndProject
Project("{FAE04EC0-301F-11D3-BF4B-00C04F79EFBC}") = "02.DetectiveBoev", "02.DetectiveBoev\02.DetectiveBoev.csproj", "{914ED91B-A132-4ED6-9F1F-6B8244197294}"
EndProject
Project("{FAE04EC0-301F-11D3-BF4B-00C04F79EFBC}") = "03.SummerTime", "03.SummerTime\03.SummerTime.csproj", "{F4C9E5EF-3E18-4C5E-957B-A2E647A4D14E}"
EndProject
Project("{FAE04EC0-301F-11D3-BF4B-00C04F79EFBC}") = "04.– LightTheTorches", "04.– LightTheTorches\04.– LightTheTorches.csproj", "{C07DE5CA-64E8-4080-9A83-9DC34ABE35E1}"
EndProject
Project("{FAE04EC0-301F-11D3-BF4B-00C04F79EFBC}") = "05.WiggleWigle", "05.WiggleWigle\05.WiggleWigle.csproj", "{083F53BA-342A-4616-B495-D94C9C236E43}"
EndProject
Global
	GlobalSection(SolutionConfigurationPlatforms) = preSolution
		Debug|Any CPU = Debug|Any CPU
		Release|Any CPU = Release|Any CPU
	EndGlobalSection
	GlobalSection(ProjectConfigurationPlatforms) = postSolution
		{9E1C2B9A-B979-472D-BCE1-B9F19BD116E0}.Debug|Any CPU.ActiveCfg = Debug|Any CPU
		{9E1C2B9A-B979-472D-BCE1-B9F19BD116E0}.Debug|Any CPU.Build.0 = Debug|Any CPU
		{9E1C2B9A-B979-472D-BCE1-B9F19BD116E0}.Release|Any CPU.ActiveCfg = Release|Any CPU
		{9E1C2B9A-B979-472D-BCE1-B9F19BD116E0}.Release|Any CPU.Build.0 = Release|Any CPU
		{914ED91B-A132-4ED6-9F1F-6B8244197294}.Debug|Any CPU.ActiveCfg = Debug|Any CPU
		{914ED91B-A132-4ED6-9F1F-6B8244197294}.Debug|Any CPU.Build.0 = Debug|Any CPU
		{914ED91B-A132-4ED6-9F1F-6B8244197294}.Release|Any CPU.ActiveCfg = Release|Any CPU
		{914ED91B-A132-4ED6-9F1F-6B8244197294}.Release|Any CPU.Build.0 = Release|Any CPU
		{F4C9E5EF-3E18-4C5E-957B-A2E647A4D14E}.Debug|Any CPU.ActiveCfg = Debug|Any CPU
		{F4C9E5EF-3E18-4C5E-957B-A2E647A4D14E}.Debug|Any CPU.Build.0 = Debug|Any CPU
		{F4C9E5EF-3E18-4C5E-957B-A2E647A4D14E}.Release|Any CPU.ActiveCfg = Release|Any CPU
		{F4C9E5EF-3E18-4C5E-957B-A2E647A4D14E}.Release|Any CPU.Build.0 = Release|Any CPU
		{C07DE5CA-64E8-4080-9A83-9DC34ABE35E1}.Debug|Any CPU.ActiveCfg = Debug|Any CPU
		{C07DE5CA-64E8-4080-9A83-9DC34ABE35E1}.Debug|Any CPU.Build.0 = Debug|Any CPU
		{C07DE5CA-64E8-4080-9A83-9DC34ABE35E1}.Release|Any CPU.ActiveCfg = Release|Any CPU
		{C07DE5CA-64E8-4080-9A83-9DC34ABE35E1}.Release|Any CPU.Build.0 = Release|Any CPU
		{083F53BA-342A-4616-B495-D94C9C236E43}.Debug|Any CPU.ActiveCfg = Debug|Any CPU
		{083F53BA-342A-4616-B495-D94C9C236E43}.Debug|Any CPU.Build.0 = Debug|Any CPU
		{083F53BA-342A-4616-B495-D94C9C236E43}.Release|Any CPU.ActiveCfg = Release|Any CPU
		{083F53BA-342A-4616-B495-D94C9C236E43}.Release|Any CPU.Build.0 = Release|Any CPU
	EndGlobalSection
	GlobalSection(SolutionProperties) = preSolution
		HideSolutionNode = FALSE
	EndGlobalSection
EndGlobal
