
Microsoft Visual Studio Solution File, Format Version 12.00
# Visual Studio 2013
VisualStudioVersion = 12.0.40629.0
MinimumVisualStudioVersion = 10.0.40219.1
Project("{FAE04EC0-301F-11D3-BF4B-00C04F79EFBC}") = "01.PrinEvenNumbs", "01.Ex\01.PrinEvenNumbs.csproj", "{15E295E3-FCE2-43E9-9AA2-292D502C3353}"
EndProject
Project("{FAE04EC0-301F-11D3-BF4B-00C04F79EFBC}") = "02.Power", "02.Power\02.Power.csproj", "{C999852F-0F88-4779-B075-15CBA8E8508B}"
EndProject
Project("{FAE04EC0-301F-11D3-BF4B-00C04F79EFBC}") = "IntArray", "IntArray\IntArray.csproj", "{E3628004-21DC-4164-ACA9-9CC823133414}"
EndProject
Project("{FAE04EC0-301F-11D3-BF4B-00C04F79EFBC}") = "TextModification", "TextModification\TextModification.csproj", "{F357D09D-0E8D-421E-B4AA-939676B8EEF5}"
EndProject
Project("{FAE04EC0-301F-11D3-BF4B-00C04F79EFBC}") = "MinOfThreeNumbs", "MinOfThreeNumbs\MinOfThreeNumbs.csproj", "{58AD616D-F5AB-4FBB-A240-3A0C59276907}"
EndProject
Project("{FAE04EC0-301F-11D3-BF4B-00C04F79EFBC}") = "ImperssTheGirlFriend", "ImperssTheGirlFriend\ImperssTheGirlFriend.csproj", "{E2526894-E566-4E28-AB61-11A1F234B807}"
EndProject
Global
	GlobalSection(SolutionConfigurationPlatforms) = preSolution
		Debug|Any CPU = Debug|Any CPU
		Release|Any CPU = Release|Any CPU
	EndGlobalSection
	GlobalSection(ProjectConfigurationPlatforms) = postSolution
		{15E295E3-FCE2-43E9-9AA2-292D502C3353}.Debug|Any CPU.ActiveCfg = Debug|Any CPU
		{15E295E3-FCE2-43E9-9AA2-292D502C3353}.Debug|Any CPU.Build.0 = Debug|Any CPU
		{15E295E3-FCE2-43E9-9AA2-292D502C3353}.Release|Any CPU.ActiveCfg = Release|Any CPU
		{15E295E3-FCE2-43E9-9AA2-292D502C3353}.Release|Any CPU.Build.0 = Release|Any CPU
		{C999852F-0F88-4779-B075-15CBA8E8508B}.Debug|Any CPU.ActiveCfg = Debug|Any CPU
		{C999852F-0F88-4779-B075-15CBA8E8508B}.Debug|Any CPU.Build.0 = Debug|Any CPU
		{C999852F-0F88-4779-B075-15CBA8E8508B}.Release|Any CPU.ActiveCfg = Release|Any CPU
		{C999852F-0F88-4779-B075-15CBA8E8508B}.Release|Any CPU.Build.0 = Release|Any CPU
		{E3628004-21DC-4164-ACA9-9CC823133414}.Debug|Any CPU.ActiveCfg = Debug|Any CPU
		{E3628004-21DC-4164-ACA9-9CC823133414}.Debug|Any CPU.Build.0 = Debug|Any CPU
		{E3628004-21DC-4164-ACA9-9CC823133414}.Release|Any CPU.ActiveCfg = Release|Any CPU
		{E3628004-21DC-4164-ACA9-9CC823133414}.Release|Any CPU.Build.0 = Release|Any CPU
		{F357D09D-0E8D-421E-B4AA-939676B8EEF5}.Debug|Any CPU.ActiveCfg = Debug|Any CPU
		{F357D09D-0E8D-421E-B4AA-939676B8EEF5}.Debug|Any CPU.Build.0 = Debug|Any CPU
		{F357D09D-0E8D-421E-B4AA-939676B8EEF5}.Release|Any CPU.ActiveCfg = Release|Any CPU
		{F357D09D-0E8D-421E-B4AA-939676B8EEF5}.Release|Any CPU.Build.0 = Release|Any CPU
		{58AD616D-F5AB-4FBB-A240-3A0C59276907}.Debug|Any CPU.ActiveCfg = Debug|Any CPU
		{58AD616D-F5AB-4FBB-A240-3A0C59276907}.Debug|Any CPU.Build.0 = Debug|Any CPU
		{58AD616D-F5AB-4FBB-A240-3A0C59276907}.Release|Any CPU.ActiveCfg = Release|Any CPU
		{58AD616D-F5AB-4FBB-A240-3A0C59276907}.Release|Any CPU.Build.0 = Release|Any CPU
		{E2526894-E566-4E28-AB61-11A1F234B807}.Debug|Any CPU.ActiveCfg = Debug|Any CPU
		{E2526894-E566-4E28-AB61-11A1F234B807}.Debug|Any CPU.Build.0 = Debug|Any CPU
		{E2526894-E566-4E28-AB61-11A1F234B807}.Release|Any CPU.ActiveCfg = Release|Any CPU
		{E2526894-E566-4E28-AB61-11A1F234B807}.Release|Any CPU.Build.0 = Release|Any CPU
	EndGlobalSection
	GlobalSection(SolutionProperties) = preSolution
		HideSolutionNode = FALSE
	EndGlobalSection
EndGlobal
