
Microsoft Visual Studio Solution File, Format Version 12.00
# Visual Studio 2013
VisualStudioVersion = 12.0.40629.0
MinimumVisualStudioVersion = 10.0.40219.1
Project("{FAE04EC0-301F-11D3-BF4B-00C04F79EFBC}") = "01.Electricity", "01.Electricity\01.Electricity.csproj", "{8EC1FCD3-07DD-4AEF-B400-63A3145A6663}"
EndProject
Project("{FAE04EC0-301F-11D3-BF4B-00C04F79EFBC}") = "02.OddAndEvenJumps", "02.OddAndEvenJumps\02.OddAndEvenJumps.csproj", "{728768A4-6AEE-4024-A72E-C33598AB65E6}"
EndProject
Project("{FAE04EC0-301F-11D3-BF4B-00C04F79EFBC}") = "03.HouseWithAWindow", "03.HouseWithAWindow\03.HouseWithAWindow.csproj", "{8B9FB9BB-7D4F-4D88-AB11-40A51895A434}"
EndProject
Project("{FAE04EC0-301F-11D3-BF4B-00C04F79EFBC}") = "04.NakovsMatching", "04.NakovsMatching\04.NakovsMatching.csproj", "{4DD41AE7-F0D3-4307-9F14-8A0F65940A71}"
EndProject
Project("{FAE04EC0-301F-11D3-BF4B-00C04F79EFBC}") = "05.ChangeEvenBits", "05.ChangeEvenBits\05.ChangeEvenBits.csproj", "{A7DB5270-BEF3-41D8-ABC1-130FB49E6B2E}"
EndProject
Global
	GlobalSection(SolutionConfigurationPlatforms) = preSolution
		Debug|Any CPU = Debug|Any CPU
		Release|Any CPU = Release|Any CPU
	EndGlobalSection
	GlobalSection(ProjectConfigurationPlatforms) = postSolution
		{8EC1FCD3-07DD-4AEF-B400-63A3145A6663}.Debug|Any CPU.ActiveCfg = Debug|Any CPU
		{8EC1FCD3-07DD-4AEF-B400-63A3145A6663}.Debug|Any CPU.Build.0 = Debug|Any CPU
		{8EC1FCD3-07DD-4AEF-B400-63A3145A6663}.Release|Any CPU.ActiveCfg = Release|Any CPU
		{8EC1FCD3-07DD-4AEF-B400-63A3145A6663}.Release|Any CPU.Build.0 = Release|Any CPU
		{728768A4-6AEE-4024-A72E-C33598AB65E6}.Debug|Any CPU.ActiveCfg = Debug|Any CPU
		{728768A4-6AEE-4024-A72E-C33598AB65E6}.Debug|Any CPU.Build.0 = Debug|Any CPU
		{728768A4-6AEE-4024-A72E-C33598AB65E6}.Release|Any CPU.ActiveCfg = Release|Any CPU
		{728768A4-6AEE-4024-A72E-C33598AB65E6}.Release|Any CPU.Build.0 = Release|Any CPU
		{8B9FB9BB-7D4F-4D88-AB11-40A51895A434}.Debug|Any CPU.ActiveCfg = Debug|Any CPU
		{8B9FB9BB-7D4F-4D88-AB11-40A51895A434}.Debug|Any CPU.Build.0 = Debug|Any CPU
		{8B9FB9BB-7D4F-4D88-AB11-40A51895A434}.Release|Any CPU.ActiveCfg = Release|Any CPU
		{8B9FB9BB-7D4F-4D88-AB11-40A51895A434}.Release|Any CPU.Build.0 = Release|Any CPU
		{4DD41AE7-F0D3-4307-9F14-8A0F65940A71}.Debug|Any CPU.ActiveCfg = Debug|Any CPU
		{4DD41AE7-F0D3-4307-9F14-8A0F65940A71}.Debug|Any CPU.Build.0 = Debug|Any CPU
		{4DD41AE7-F0D3-4307-9F14-8A0F65940A71}.Release|Any CPU.ActiveCfg = Release|Any CPU
		{4DD41AE7-F0D3-4307-9F14-8A0F65940A71}.Release|Any CPU.Build.0 = Release|Any CPU
		{A7DB5270-BEF3-41D8-ABC1-130FB49E6B2E}.Debug|Any CPU.ActiveCfg = Debug|Any CPU
		{A7DB5270-BEF3-41D8-ABC1-130FB49E6B2E}.Debug|Any CPU.Build.0 = Debug|Any CPU
		{A7DB5270-BEF3-41D8-ABC1-130FB49E6B2E}.Release|Any CPU.ActiveCfg = Release|Any CPU
		{A7DB5270-BEF3-41D8-ABC1-130FB49E6B2E}.Release|Any CPU.Build.0 = Release|Any CPU
	EndGlobalSection
	GlobalSection(SolutionProperties) = preSolution
		HideSolutionNode = FALSE
	EndGlobalSection
EndGlobal
